
Microsoft Visual Studio Solution File, Format Version 12.00
# Visual Studio Version 16
VisualStudioVersion = 16.0.29806.167
MinimumVisualStudioVersion = 10.0.40219.1
Project("{8BC9CEB8-8B4A-11D0-8D11-00A0C91BC942}") = "AVLTree", "AVLTree.vcxproj", "{25D329B3-61E9-43AB-B4B4-96C87A1750CE}"
EndProject
Global
	GlobalSection(SolutionConfigurationPlatforms) = preSolution
		Debug|x64 = Debug|x64
		Debug|x86 = Debug|x86
		Release|x64 = Release|x64
		Release|x86 = Release|x86
	EndGlobalSection
	GlobalSection(ProjectConfigurationPlatforms) = postSolution
		{25D329B3-61E9-43AB-B4B4-96C87A1750CE}.Debug|x64.ActiveCfg = Debug|x64
		{25D329B3-61E9-43AB-B4B4-96C87A1750CE}.Debug|x64.Build.0 = Debug|x64
		{25D329B3-61E9-43AB-B4B4-96C87A1750CE}.Debug|x86.ActiveCfg = Debug|Win32
		{25D329B3-61E9-43AB-B4B4-96C87A1750CE}.Debug|x86.Build.0 = Debug|Win32
		{25D329B3-61E9-43AB-B4B4-96C87A1750CE}.Release|x64.ActiveCfg = Release|x64
		{25D329B3-61E9-43AB-B4B4-96C87A1750CE}.Release|x64.Build.0 = Release|x64
		{25D329B3-61E9-43AB-B4B4-96C87A1750CE}.Release|x86.ActiveCfg = Release|Win32
		{25D329B3-61E9-43AB-B4B4-96C87A1750CE}.Release|x86.Build.0 = Release|Win32
	EndGlobalSection
	GlobalSection(SolutionProperties) = preSolution
		HideSolutionNode = FALSE
	EndGlobalSection
	GlobalSection(ExtensibilityGlobals) = postSolution
		SolutionGuid = {53E91D6E-259C-4975-8D36-F5A67873D3D0}
	EndGlobalSection
EndGlobal
