
Microsoft Visual Studio Solution File, Format Version 12.00
# Visual Studio Version 16
VisualStudioVersion = 16.0.29806.167
MinimumVisualStudioVersion = 10.0.40219.1
Project("{8BC9CEB8-8B4A-11D0-8D11-00A0C91BC942}") = "实现string类及其常用接口", "实现string类及其常用接口.vcxproj", "{43044A27-7504-4868-95AA-65CF186B78AA}"
EndProject
Global
	GlobalSection(SolutionConfigurationPlatforms) = preSolution
		Debug|x64 = Debug|x64
		Debug|x86 = Debug|x86
		Release|x64 = Release|x64
		Release|x86 = Release|x86
	EndGlobalSection
	GlobalSection(ProjectConfigurationPlatforms) = postSolution
		{43044A27-7504-4868-95AA-65CF186B78AA}.Debug|x64.ActiveCfg = Debug|x64
		{43044A27-7504-4868-95AA-65CF186B78AA}.Debug|x64.Build.0 = Debug|x64
		{43044A27-7504-4868-95AA-65CF186B78AA}.Debug|x86.ActiveCfg = Debug|Win32
		{43044A27-7504-4868-95AA-65CF186B78AA}.Debug|x86.Build.0 = Debug|Win32
		{43044A27-7504-4868-95AA-65CF186B78AA}.Release|x64.ActiveCfg = Release|x64
		{43044A27-7504-4868-95AA-65CF186B78AA}.Release|x64.Build.0 = Release|x64
		{43044A27-7504-4868-95AA-65CF186B78AA}.Release|x86.ActiveCfg = Release|Win32
		{43044A27-7504-4868-95AA-65CF186B78AA}.Release|x86.Build.0 = Release|Win32
	EndGlobalSection
	GlobalSection(SolutionProperties) = preSolution
		HideSolutionNode = FALSE
	EndGlobalSection
	GlobalSection(ExtensibilityGlobals) = postSolution
		SolutionGuid = {4454D9E9-1A66-4CF8-9E40-0C9EC5E62ECA}
	EndGlobalSection
EndGlobal
