
Microsoft Visual Studio Solution File, Format Version 12.00
# Visual Studio Version 16
VisualStudioVersion = 16.0.29806.167
MinimumVisualStudioVersion = 10.0.40219.1
Project("{8BC9CEB8-8B4A-11D0-8D11-00A0C91BC942}") = "八大排序算法", "八大排序算法.vcxproj", "{83E586CC-6980-4FDD-9565-4DDCB57569A4}"
EndProject
Global
	GlobalSection(SolutionConfigurationPlatforms) = preSolution
		Debug|x64 = Debug|x64
		Debug|x86 = Debug|x86
		Release|x64 = Release|x64
		Release|x86 = Release|x86
	EndGlobalSection
	GlobalSection(ProjectConfigurationPlatforms) = postSolution
		{83E586CC-6980-4FDD-9565-4DDCB57569A4}.Debug|x64.ActiveCfg = Debug|x64
		{83E586CC-6980-4FDD-9565-4DDCB57569A4}.Debug|x64.Build.0 = Debug|x64
		{83E586CC-6980-4FDD-9565-4DDCB57569A4}.Debug|x86.ActiveCfg = Debug|Win32
		{83E586CC-6980-4FDD-9565-4DDCB57569A4}.Debug|x86.Build.0 = Debug|Win32
		{83E586CC-6980-4FDD-9565-4DDCB57569A4}.Release|x64.ActiveCfg = Release|x64
		{83E586CC-6980-4FDD-9565-4DDCB57569A4}.Release|x64.Build.0 = Release|x64
		{83E586CC-6980-4FDD-9565-4DDCB57569A4}.Release|x86.ActiveCfg = Release|Win32
		{83E586CC-6980-4FDD-9565-4DDCB57569A4}.Release|x86.Build.0 = Release|Win32
	EndGlobalSection
	GlobalSection(SolutionProperties) = preSolution
		HideSolutionNode = FALSE
	EndGlobalSection
	GlobalSection(ExtensibilityGlobals) = postSolution
		SolutionGuid = {FE605E37-D9C0-4904-99AE-98D6C9849E4F}
	EndGlobalSection
EndGlobal
